// !$*UTF8*$!
{
	archiveVersion = 1;
	classes = {
	};
	objectVersion = 46;
	objects = {

/* Begin PBXBuildFile section */
		D8F2D1311DB65EA400BDB634 /* AppDelegate.swift in Sources */ = {isa = PBXBuildFile; fileRef = D8F2D1301DB65EA400BDB634 /* AppDelegate.swift */; };
		D8F2D1331DB65EA400BDB634 /* ViewController.swift in Sources */ = {isa = PBXBuildFile; fileRef = D8F2D1321DB65EA400BDB634 /* ViewController.swift */; };
		D8F2D1361DB65EA400BDB634 /* Main.storyboard in Resources */ = {isa = PBXBuildFile; fileRef = D8F2D1341DB65EA400BDB634 /* Main.storyboard */; };
		D8F2D1381DB65EA400BDB634 /* Assets.xcassets in Resources */ = {isa = PBXBuildFile; fileRef = D8F2D1371DB65EA400BDB634 /* Assets.xcassets */; };
		D8F2D13B1DB65EA400BDB634 /* LaunchScreen.storyboard in Resources */ = {isa = PBXBuildFile; fileRef = D8F2D1391DB65EA400BDB634 /* LaunchScreen.storyboard */; };
		D8F2D1461DB65EA400BDB634 /* ApolloTests.swift in Sources */ = {isa = PBXBuildFile; fileRef = D8F2D1451DB65EA400BDB634 /* ApolloTests.swift */; };
		D8F2D1511DB65EA400BDB634 /* ApolloUITests.swift in Sources */ = {isa = PBXBuildFile; fileRef = D8F2D1501DB65EA400BDB634 /* ApolloUITests.swift */; };
/* End PBXBuildFile section */

/* Begin PBXContainerItemProxy section */
		D8F2D1421DB65EA400BDB634 /* PBXContainerItemProxy */ = {
			isa = PBXContainerItemProxy;
			containerPortal = D8F2D1251DB65EA400BDB634 /* Project object */;
			proxyType = 1;
			remoteGlobalIDString = D8F2D12C1DB65EA400BDB634;
			remoteInfo = Apollo;
		};
		D8F2D14D1DB65EA400BDB634 /* PBXContainerItemProxy */ = {
			isa = PBXContainerItemProxy;
			containerPortal = D8F2D1251DB65EA400BDB634 /* Project object */;
			proxyType = 1;
			remoteGlobalIDString = D8F2D12C1DB65EA400BDB634;
			remoteInfo = Apollo;
		};
/* End PBXContainerItemProxy section */

/* Begin PBXFileReference section */
		D8F2D12D1DB65EA400BDB634 /* Apollo.app */ = {isa = PBXFileReference; explicitFileType = wrapper.application; includeInIndex = 0; path = Apollo.app; sourceTree = BUILT_PRODUCTS_DIR; };
		D8F2D1301DB65EA400BDB634 /* AppDelegate.swift */ = {isa = PBXFileReference; lastKnownFileType = sourcecode.swift; path = AppDelegate.swift; sourceTree = "<group>"; };
		D8F2D1321DB65EA400BDB634 /* ViewController.swift */ = {isa = PBXFileReference; lastKnownFileType = sourcecode.swift; path = ViewController.swift; sourceTree = "<group>"; };
		D8F2D1351DB65EA400BDB634 /* Base */ = {isa = PBXFileReference; lastKnownFileType = file.storyboard; name = Base; path = Base.lproj/Main.storyboard; sourceTree = "<group>"; };
		D8F2D1371DB65EA400BDB634 /* Assets.xcassets */ = {isa = PBXFileReference; lastKnownFileType = folder.assetcatalog; path = Assets.xcassets; sourceTree = "<group>"; };
		D8F2D13A1DB65EA400BDB634 /* Base */ = {isa = PBXFileReference; lastKnownFileType = file.storyboard; name = Base; path = Base.lproj/LaunchScreen.storyboard; sourceTree = "<group>"; };
		D8F2D13C1DB65EA400BDB634 /* Info.plist */ = {isa = PBXFileReference; lastKnownFileType = text.plist.xml; path = Info.plist; sourceTree = "<group>"; };
		D8F2D1411DB65EA400BDB634 /* ApolloTests.xctest */ = {isa = PBXFileReference; explicitFileType = wrapper.cfbundle; includeInIndex = 0; path = ApolloTests.xctest; sourceTree = BUILT_PRODUCTS_DIR; };
		D8F2D1451DB65EA400BDB634 /* ApolloTests.swift */ = {isa = PBXFileReference; lastKnownFileType = sourcecode.swift; path = ApolloTests.swift; sourceTree = "<group>"; };
		D8F2D1471DB65EA400BDB634 /* Info.plist */ = {isa = PBXFileReference; lastKnownFileType = text.plist.xml; path = Info.plist; sourceTree = "<group>"; };
		D8F2D14C1DB65EA400BDB634 /* ApolloUITests.xctest */ = {isa = PBXFileReference; explicitFileType = wrapper.cfbundle; includeInIndex = 0; path = ApolloUITests.xctest; sourceTree = BUILT_PRODUCTS_DIR; };
		D8F2D1501DB65EA400BDB634 /* ApolloUITests.swift */ = {isa = PBXFileReference; lastKnownFileType = sourcecode.swift; path = ApolloUITests.swift; sourceTree = "<group>"; };
		D8F2D1521DB65EA400BDB634 /* Info.plist */ = {isa = PBXFileReference; lastKnownFileType = text.plist.xml; path = Info.plist; sourceTree = "<group>"; };
/* End PBXFileReference section */

/* Begin PBXFrameworksBuildPhase section */
		D8F2D12A1DB65EA400BDB634 /* Frameworks */ = {
			isa = PBXFrameworksBuildPhase;
			buildActionMask = 2147483647;
			files = (
			);
			runOnlyForDeploymentPostprocessing = 0;
		};
		D8F2D13E1DB65EA400BDB634 /* Frameworks */ = {
			isa = PBXFrameworksBuildPhase;
			buildActionMask = 2147483647;
			files = (
			);
			runOnlyForDeploymentPostprocessing = 0;
		};
		D8F2D1491DB65EA400BDB634 /* Frameworks */ = {
			isa = PBXFrameworksBuildPhase;
			buildActionMask = 2147483647;
			files = (
			);
			runOnlyForDeploymentPostprocessing = 0;
		};
/* End PBXFrameworksBuildPhase section */

/* Begin PBXGroup section */
		D8F2D1241DB65EA400BDB634 = {
			isa = PBXGroup;
			children = (
				D8F2D12F1DB65EA400BDB634 /* Apollo */,
				D8F2D1441DB65EA400BDB634 /* ApolloTests */,
				D8F2D14F1DB65EA400BDB634 /* ApolloUITests */,
				D8F2D12E1DB65EA400BDB634 /* Products */,
			);
			sourceTree = "<group>";
		};
		D8F2D12E1DB65EA400BDB634 /* Products */ = {
			isa = PBXGroup;
			children = (
				D8F2D12D1DB65EA400BDB634 /* Apollo.app */,
				D8F2D1411DB65EA400BDB634 /* ApolloTests.xctest */,
				D8F2D14C1DB65EA400BDB634 /* ApolloUITests.xctest */,
			);
			name = Products;
			sourceTree = "<group>";
		};
		D8F2D12F1DB65EA400BDB634 /* Apollo */ = {
			isa = PBXGroup;
			children = (
				D8F2D1301DB65EA400BDB634 /* AppDelegate.swift */,
				D8F2D1321DB65EA400BDB634 /* ViewController.swift */,
				D8F2D1341DB65EA400BDB634 /* Main.storyboard */,
				D8F2D1371DB65EA400BDB634 /* Assets.xcassets */,
				D8F2D1391DB65EA400BDB634 /* LaunchScreen.storyboard */,
				D8F2D13C1DB65EA400BDB634 /* Info.plist */,
			);
			path = Apollo;
			sourceTree = "<group>";
		};
		D8F2D1441DB65EA400BDB634 /* ApolloTests */ = {
			isa = PBXGroup;
			children = (
				D8F2D1451DB65EA400BDB634 /* ApolloTests.swift */,
				D8F2D1471DB65EA400BDB634 /* Info.plist */,
			);
			path = ApolloTests;
			sourceTree = "<group>";
		};
		D8F2D14F1DB65EA400BDB634 /* ApolloUITests */ = {
			isa = PBXGroup;
			children = (
				D8F2D1501DB65EA400BDB634 /* ApolloUITests.swift */,
				D8F2D1521DB65EA400BDB634 /* Info.plist */,
			);
			path = ApolloUITests;
			sourceTree = "<group>";
		};
/* End PBXGroup section */

/* Begin PBXNativeTarget section */
		D8F2D12C1DB65EA400BDB634 /* Apollo */ = {
			isa = PBXNativeTarget;
			buildConfigurationList = D8F2D1551DB65EA400BDB634 /* Build configuration list for PBXNativeTarget "Apollo" */;
			buildPhases = (
				D8F2D1291DB65EA400BDB634 /* Sources */,
				D8F2D12A1DB65EA400BDB634 /* Frameworks */,
				D8F2D12B1DB65EA400BDB634 /* Resources */,
			);
			buildRules = (
			);
			dependencies = (
			);
			name = Apollo;
			productName = Apollo;
			productReference = D8F2D12D1DB65EA400BDB634 /* Apollo.app */;
			productType = "com.apple.product-type.application";
		};
		D8F2D1401DB65EA400BDB634 /* ApolloTests */ = {
			isa = PBXNativeTarget;
			buildConfigurationList = D8F2D1581DB65EA400BDB634 /* Build configuration list for PBXNativeTarget "ApolloTests" */;
			buildPhases = (
				D8F2D13D1DB65EA400BDB634 /* Sources */,
				D8F2D13E1DB65EA400BDB634 /* Frameworks */,
				D8F2D13F1DB65EA400BDB634 /* Resources */,
			);
			buildRules = (
			);
			dependencies = (
				D8F2D1431DB65EA400BDB634 /* PBXTargetDependency */,
			);
			name = ApolloTests;
			productName = ApolloTests;
			productReference = D8F2D1411DB65EA400BDB634 /* ApolloTests.xctest */;
			productType = "com.apple.product-type.bundle.unit-test";
		};
		D8F2D14B1DB65EA400BDB634 /* ApolloUITests */ = {
			isa = PBXNativeTarget;
			buildConfigurationList = D8F2D15B1DB65EA400BDB634 /* Build configuration list for PBXNativeTarget "ApolloUITests" */;
			buildPhases = (
				D8F2D1481DB65EA400BDB634 /* Sources */,
				D8F2D1491DB65EA400BDB634 /* Frameworks */,
				D8F2D14A1DB65EA400BDB634 /* Resources */,
			);
			buildRules = (
			);
			dependencies = (
				D8F2D14E1DB65EA400BDB634 /* PBXTargetDependency */,
			);
			name = ApolloUITests;
			productName = ApolloUITests;
			productReference = D8F2D14C1DB65EA400BDB634 /* ApolloUITests.xctest */;
			productType = "com.apple.product-type.bundle.ui-testing";
		};
/* End PBXNativeTarget section */

/* Begin PBXProject section */
		D8F2D1251DB65EA400BDB634 /* Project object */ = {
			isa = PBXProject;
			attributes = {
				LastSwiftUpdateCheck = 0800;
				LastUpgradeCheck = 0800;
				ORGANIZATIONNAME = "Joseph Daniels";
				TargetAttributes = {
					D8F2D12C1DB65EA400BDB634 = {
						CreatedOnToolsVersion = 8.0;
						DevelopmentTeam = 55WZH7L5M4;
						ProvisioningStyle = Automatic;
					};
					D8F2D1401DB65EA400BDB634 = {
						CreatedOnToolsVersion = 8.0;
						DevelopmentTeam = 55WZH7L5M4;
						ProvisioningStyle = Automatic;
						TestTargetID = D8F2D12C1DB65EA400BDB634;
					};
					D8F2D14B1DB65EA400BDB634 = {
						CreatedOnToolsVersion = 8.0;
						DevelopmentTeam = 55WZH7L5M4;
						ProvisioningStyle = Automatic;
						TestTargetID = D8F2D12C1DB65EA400BDB634;
					};
				};
			};
			buildConfigurationList = D8F2D1281DB65EA400BDB634 /* Build configuration list for PBXProject "Apollo" */;
			compatibilityVersion = "Xcode 3.2";
			developmentRegion = English;
			hasScannedForEncodings = 0;
			knownRegions = (
				en,
				Base,
			);
			mainGroup = D8F2D1241DB65EA400BDB634;
			productRefGroup = D8F2D12E1DB65EA400BDB634 /* Products */;
			projectDirPath = "";
			projectRoot = "";
			targets = (
				D8F2D12C1DB65EA400BDB634 /* Apollo */,
				D8F2D1401DB65EA400BDB634 /* ApolloTests */,
				D8F2D14B1DB65EA400BDB634 /* ApolloUITests */,
			);
		};
/* End PBXProject section */

/* Begin PBXResourcesBuildPhase section */
		D8F2D12B1DB65EA400BDB634 /* Resources */ = {
			isa = PBXResourcesBuildPhase;
			buildActionMask = 2147483647;
			files = (
				D8F2D13B1DB65EA400BDB634 /* LaunchScreen.storyboard in Resources */,
				D8F2D1381DB65EA400BDB634 /* Assets.xcassets in Resources */,
				D8F2D1361DB65EA400BDB634 /* Main.storyboard in Resources */,
			);
			runOnlyForDeploymentPostprocessing = 0;
		};
		D8F2D13F1DB65EA400BDB634 /* Resources */ = {
			isa = PBXResourcesBuildPhase;
			buildActionMask = 2147483647;
			files = (
			);
			runOnlyForDeploymentPostprocessing = 0;
		};
		D8F2D14A1DB65EA400BDB634 /* Resources */ = {
			isa = PBXResourcesBuildPhase;
			buildActionMask = 2147483647;
			files = (
			);
			runOnlyForDeploymentPostprocessing = 0;
		};
/* End PBXResourcesBuildPhase section */

/* Begin PBXSourcesBuildPhase section */
		D8F2D1291DB65EA400BDB634 /* Sources */ = {
			isa = PBXSourcesBuildPhase;
			buildActionMask = 2147483647;
			files = (
				D8F2D1331DB65EA400BDB634 /* ViewController.swift in Sources */,
				D8F2D1311DB65EA400BDB634 /* AppDelegate.swift in Sources */,
			);
			runOnlyForDeploymentPostprocessing = 0;
		};
		D8F2D13D1DB65EA400BDB634 /* Sources */ = {
			isa = PBXSourcesBuildPhase;
			buildActionMask = 2147483647;
			files = (
				D8F2D1461DB65EA400BDB634 /* ApolloTests.swift in Sources */,
			);
			runOnlyForDeploymentPostprocessing = 0;
		};
		D8F2D1481DB65EA400BDB634 /* Sources */ = {
			isa = PBXSourcesBuildPhase;
			buildActionMask = 2147483647;
			files = (
				D8F2D1511DB65EA400BDB634 /* ApolloUITests.swift in Sources */,
			);
			runOnlyForDeploymentPostprocessing = 0;
		};
/* End PBXSourcesBuildPhase section */

/* Begin PBXTargetDependency section */
		D8F2D1431DB65EA400BDB634 /* PBXTargetDependency */ = {
			isa = PBXTargetDependency;
			target = D8F2D12C1DB65EA400BDB634 /* Apollo */;
			targetProxy = D8F2D1421DB65EA400BDB634 /* PBXContainerItemProxy */;
		};
		D8F2D14E1DB65EA400BDB634 /* PBXTargetDependency */ = {
			isa = PBXTargetDependency;
			target = D8F2D12C1DB65EA400BDB634 /* Apollo */;
			targetProxy = D8F2D14D1DB65EA400BDB634 /* PBXContainerItemProxy */;
		};
/* End PBXTargetDependency section */

/* Begin PBXVariantGroup section */
		D8F2D1341DB65EA400BDB634 /* Main.storyboard */ = {
			isa = PBXVariantGroup;
			children = (
				D8F2D1351DB65EA400BDB634 /* Base */,
			);
			name = Main.storyboard;
			sourceTree = "<group>";
		};
		D8F2D1391DB65EA400BDB634 /* LaunchScreen.storyboard */ = {
			isa = PBXVariantGroup;
			children = (
				D8F2D13A1DB65EA400BDB634 /* Base */,
			);
			name = LaunchScreen.storyboard;
			sourceTree = "<group>";
		};
/* End PBXVariantGroup section */

/* Begin XCBuildConfiguration section */
		D8F2D1531DB65EA400BDB634 /* Debug */ = {
			isa = XCBuildConfiguration;
			buildSettings = {
				ALWAYS_SEARCH_USER_PATHS = NO;
				CLANG_ANALYZER_NONNULL = YES;
				CLANG_CXX_LANGUAGE_STANDARD = "gnu++0x";
				CLANG_CXX_LIBRARY = "libc++";
				CLANG_ENABLE_MODULES = YES;
				CLANG_ENABLE_OBJC_ARC = YES;
				CLANG_WARN_BOOL_CONVERSION = YES;
				CLANG_WARN_CONSTANT_CONVERSION = YES;
				CLANG_WARN_DIRECT_OBJC_ISA_USAGE = YES_ERROR;
				CLANG_WARN_DOCUMENTATION_COMMENTS = YES;
				CLANG_WARN_EMPTY_BODY = YES;
				CLANG_WARN_ENUM_CONVERSION = YES;
				CLANG_WARN_INFINITE_RECURSION = YES;
				CLANG_WARN_INT_CONVERSION = YES;
				CLANG_WARN_OBJC_ROOT_CLASS = YES_ERROR;
				CLANG_WARN_SUSPICIOUS_MOVES = YES;
				CLANG_WARN_UNREACHABLE_CODE = YES;
				CLANG_WARN__DUPLICATE_METHOD_MATCH = YES;
				"CODE_SIGN_IDENTITY[sdk=iphoneos*]" = "iPhone Developer";
				COPY_PHASE_STRIP = NO;
				DEBUG_INFORMATION_FORMAT = dwarf;
				ENABLE_STRICT_OBJC_MSGSEND = YES;
				ENABLE_TESTABILITY = YES;
				GCC_C_LANGUAGE_STANDARD = gnu99;
				GCC_DYNAMIC_NO_PIC = NO;
				GCC_NO_COMMON_BLOCKS = YES;
				GCC_OPTIMIZATION_LEVEL = 0;
				GCC_PREPROCESSOR_DEFINITIONS = (
					"DEBUG=1",
					"$(inherited)",
				);
				GCC_WARN_64_TO_32_BIT_CONVERSION = YES;
				GCC_WARN_ABOUT_RETURN_TYPE = YES_ERROR;
				GCC_WARN_UNDECLARED_SELECTOR = YES;
				GCC_WARN_UNINITIALIZED_AUTOS = YES_AGGRESSIVE;
				GCC_WARN_UNUSED_FUNCTION = YES;
				GCC_WARN_UNUSED_VARIABLE = YES;
				IPHONEOS_DEPLOYMENT_TARGET = 10.0;
				MTL_ENABLE_DEBUG_INFO = YES;
				ONLY_ACTIVE_ARCH = YES;
				SDKROOT = iphoneos;
				SWIFT_ACTIVE_COMPILATION_CONDITIONS = DEBUG;
				SWIFT_OPTIMIZATION_LEVEL = "-Onone";
				TARGETED_DEVICE_FAMILY = "1,2";
			};
			name = Debug;
		};
		D8F2D1541DB65EA400BDB634 /* Release */ = {
			isa = XCBuildConfiguration;
			buildSettings = {
				ALWAYS_SEARCH_USER_PATHS = NO;
				CLANG_ANALYZER_NONNULL = YES;
				CLANG_CXX_LANGUAGE_STANDARD = "gnu++0x";
				CLANG_CXX_LIBRARY = "libc++";
				CLANG_ENABLE_MODULES = YES;
				CLANG_ENABLE_OBJC_ARC = YES;
				CLANG_WARN_BOOL_CONVERSION = YES;
				CLANG_WARN_CONSTANT_CONVERSION = YES;
				CLANG_WARN_DIRECT_OBJC_ISA_USAGE = YES_ERROR;
				CLANG_WARN_DOCUMENTATION_COMMENTS = YES;
				CLANG_WARN_EMPTY_BODY = YES;
				CLANG_WARN_ENUM_CONVERSION = YES;
				CLANG_WARN_INFINITE_RECURSION = YES;
				CLANG_WARN_INT_CONVERSION = YES;
				CLANG_WARN_OBJC_ROOT_CLASS = YES_ERROR;
				CLANG_WARN_SUSPICIOUS_MOVES = YES;
				CLANG_WARN_UNREACHABLE_CODE = YES;
				CLANG_WARN__DUPLICATE_METHOD_MATCH = YES;
				"CODE_SIGN_IDENTITY[sdk=iphoneos*]" = "iPhone Developer";
				COPY_PHASE_STRIP = NO;
				DEBUG_INFORMATION_FORMAT = "dwarf-with-dsym";
				ENABLE_NS_ASSERTIONS = NO;
				ENABLE_STRICT_OBJC_MSGSEND = YES;
				GCC_C_LANGUAGE_STANDARD = gnu99;
				GCC_NO_COMMON_BLOCKS = YES;
				GCC_WARN_64_TO_32_BIT_CONVERSION = YES;
				GCC_WARN_ABOUT_RETURN_TYPE = YES_ERROR;
				GCC_WARN_UNDECLARED_SELECTOR = YES;
				GCC_WARN_UNINITIALIZED_AUTOS = YES_AGGRESSIVE;
				GCC_WARN_UNUSED_FUNCTION = YES;
				GCC_WARN_UNUSED_VARIABLE = YES;
				IPHONEOS_DEPLOYMENT_TARGET = 10.0;
				MTL_ENABLE_DEBUG_INFO = NO;
				SDKROOT = iphoneos;
				SWIFT_OPTIMIZATION_LEVEL = "-Owholemodule";
				TARGETED_DEVICE_FAMILY = "1,2";
				VALIDATE_PRODUCT = YES;
			};
			name = Release;
		};
		D8F2D1561DB65EA400BDB634 /* Debug */ = {
			isa = XCBuildConfiguration;
			buildSettings = {
				ASSETCATALOG_COMPILER_APPICON_NAME = AppIcon;
				DEVELOPMENT_TEAM = 55WZH7L5M4;
				INFOPLIST_FILE = Apollo/Info.plist;
				LD_RUNPATH_SEARCH_PATHS = "$(inherited) @executable_path/Frameworks";
				PRODUCT_BUNDLE_IDENTIFIER = JD.Apollo;
				PRODUCT_NAME = "$(TARGET_NAME)";
				SWIFT_VERSION = 3.0;
			};
			name = Debug;
		};
		D8F2D1571DB65EA400BDB634 /* Release */ = {
			isa = XCBuildConfiguration;
			buildSettings = {
				ASSETCATALOG_COMPILER_APPICON_NAME = AppIcon;
				DEVELOPMENT_TEAM = 55WZH7L5M4;
				INFOPLIST_FILE = Apollo/Info.plist;
				LD_RUNPATH_SEARCH_PATHS = "$(inherited) @executable_path/Frameworks";
				PRODUCT_BUNDLE_IDENTIFIER = JD.Apollo;
				PRODUCT_NAME = "$(TARGET_NAME)";
				SWIFT_VERSION = 3.0;
			};
			name = Release;
		};
		D8F2D1591DB65EA400BDB634 /* Debug */ = {
			isa = XCBuildConfiguration;
			buildSettings = {
				ALWAYS_EMBED_SWIFT_STANDARD_LIBRARIES = YES;
				BUNDLE_LOADER = "$(TEST_HOST)";
				DEVELOPMENT_TEAM = 55WZH7L5M4;
				INFOPLIST_FILE = ApolloTests/Info.plist;
				LD_RUNPATH_SEARCH_PATHS = "$(inherited) @executable_path/Frameworks @loader_path/Frameworks";
				PRODUCT_BUNDLE_IDENTIFIER = JD.ApolloTests;
				PRODUCT_NAME = "$(TARGET_NAME)";
				SWIFT_VERSION = 3.0;
				TEST_HOST = "$(BUILT_PRODUCTS_DIR)/Apollo.app/Apollo";
			};
			name = Debug;
		};
		D8F2D15A1DB65EA400BDB634 /* Release */ = {
			isa = XCBuildConfiguration;
			buildSettings = {
				ALWAYS_EMBED_SWIFT_STANDARD_LIBRARIES = YES;
				BUNDLE_LOADER = "$(TEST_HOST)";
				DEVELOPMENT_TEAM = 55WZH7L5M4;
				INFOPLIST_FILE = ApolloTests/Info.plist;
				LD_RUNPATH_SEARCH_PATHS = "$(inherited) @executable_path/Frameworks @loader_path/Frameworks";
				PRODUCT_BUNDLE_IDENTIFIER = JD.ApolloTests;
				PRODUCT_NAME = "$(TARGET_NAME)";
				SWIFT_VERSION = 3.0;
				TEST_HOST = "$(BUILT_PRODUCTS_DIR)/Apollo.app/Apollo";
			};
			name = Release;
		};
		D8F2D15C1DB65EA400BDB634 /* Debug */ = {
			isa = XCBuildConfiguration;
			buildSettings = {
				ALWAYS_EMBED_SWIFT_STANDARD_LIBRARIES = YES;
				DEVELOPMENT_TEAM = 55WZH7L5M4;
				INFOPLIST_FILE = ApolloUITests/Info.plist;
				LD_RUNPATH_SEARCH_PATHS = "$(inherited) @executable_path/Frameworks @loader_path/Frameworks";
				PRODUCT_BUNDLE_IDENTIFIER = JD.ApolloUITests;
				PRODUCT_NAME = "$(TARGET_NAME)";
				SWIFT_VERSION = 3.0;
				TEST_TARGET_NAME = Apollo;
			};
			name = Debug;
		};
		D8F2D15D1DB65EA400BDB634 /* Release */ = {
			isa = XCBuildConfiguration;
			buildSettings = {
				ALWAYS_EMBED_SWIFT_STANDARD_LIBRARIES = YES;
				DEVELOPMENT_TEAM = 55WZH7L5M4;
				INFOPLIST_FILE = ApolloUITests/Info.plist;
				LD_RUNPATH_SEARCH_PATHS = "$(inherited) @executable_path/Frameworks @loader_path/Frameworks";
				PRODUCT_BUNDLE_IDENTIFIER = JD.ApolloUITests;
				PRODUCT_NAME = "$(TARGET_NAME)";
				SWIFT_VERSION = 3.0;
				TEST_TARGET_NAME = Apollo;
			};
			name = Release;
		};
/* End XCBuildConfiguration section */

/* Begin XCConfigurationList section */
		D8F2D1281DB65EA400BDB634 /* Build configuration list for PBXProject "Apollo" */ = {
			isa = XCConfigurationList;
			buildConfigurations = (
				D8F2D1531DB65EA400BDB634 /* Debug */,
				D8F2D1541DB65EA400BDB634 /* Release */,
			);
			defaultConfigurationIsVisible = 0;
			defaultConfigurationName = Release;
		};
		D8F2D1551DB65EA400BDB634 /* Build configuration list for PBXNativeTarget "Apollo" */ = {
			isa = XCConfigurationList;
			buildConfigurations = (
				D8F2D1561DB65EA400BDB634 /* Debug */,
				D8F2D1571DB65EA400BDB634 /* Release */,
			);
			defaultConfigurationIsVisible = 0;
		};
		D8F2D1581DB65EA400BDB634 /* Build configuration list for PBXNativeTarget "ApolloTests" */ = {
			isa = XCConfigurationList;
			buildConfigurations = (
				D8F2D1591DB65EA400BDB634 /* Debug */,
				D8F2D15A1DB65EA400BDB634 /* Release */,
			);
			defaultConfigurationIsVisible = 0;
		};
		D8F2D15B1DB65EA400BDB634 /* Build configuration list for PBXNativeTarget "ApolloUITests" */ = {
			isa = XCConfigurationList;
			buildConfigurations = (
				D8F2D15C1DB65EA400BDB634 /* Debug */,
				D8F2D15D1DB65EA400BDB634 /* Release */,
			);
			defaultConfigurationIsVisible = 0;
		};
/* End XCConfigurationList section */
	};
	rootObject = D8F2D1251DB65EA400BDB634 /* Project object */;
}
